
Microsoft Visual Studio Solution File, Format Version 12.00
# Visual Studio 14
VisualStudioVersion = 14.0.25420.1
MinimumVisualStudioVersion = 10.0.40219.1
Project("{FAE04EC0-301F-11D3-BF4B-00C04F79EFBC}") = "TaxCalculation", "TaxCalculation\TaxCalculation.csproj", "{58149CA1-6FBE-45E8-8E10-B143D690C2C1}"
EndProject
Project("{FAE04EC0-301F-11D3-BF4B-00C04F79EFBC}") = "UnitTestProject", "UnitTestProject\UnitTestProject.csproj", "{FCC0000B-1135-44D3-ABD6-AAAE92B2445B}"
EndProject
Global
	GlobalSection(SolutionConfigurationPlatforms) = preSolution
		Debug|Any CPU = Debug|Any CPU
		Release|Any CPU = Release|Any CPU
	EndGlobalSection
	GlobalSection(ProjectConfigurationPlatforms) = postSolution
		{58149CA1-6FBE-45E8-8E10-B143D690C2C1}.Debug|Any CPU.ActiveCfg = Debug|Any CPU
		{58149CA1-6FBE-45E8-8E10-B143D690C2C1}.Debug|Any CPU.Build.0 = Debug|Any CPU
		{58149CA1-6FBE-45E8-8E10-B143D690C2C1}.Release|Any CPU.ActiveCfg = Release|Any CPU
		{58149CA1-6FBE-45E8-8E10-B143D690C2C1}.Release|Any CPU.Build.0 = Release|Any CPU
		{FCC0000B-1135-44D3-ABD6-AAAE92B2445B}.Debug|Any CPU.ActiveCfg = Debug|Any CPU
		{FCC0000B-1135-44D3-ABD6-AAAE92B2445B}.Debug|Any CPU.Build.0 = Debug|Any CPU
		{FCC0000B-1135-44D3-ABD6-AAAE92B2445B}.Release|Any CPU.ActiveCfg = Release|Any CPU
		{FCC0000B-1135-44D3-ABD6-AAAE92B2445B}.Release|Any CPU.Build.0 = Release|Any CPU
	EndGlobalSection
	GlobalSection(SolutionProperties) = preSolution
		HideSolutionNode = FALSE
	EndGlobalSection
EndGlobal
